# This file is automatically @generated by Cargo.
# It is not intended for manual editing.
version = 4

[[package]]
name = "graphus-auth"
version = "0.0.0"
dependencies = [
 "graphus-core",
]

[[package]]
name = "graphus-bench"
version = "0.0.0"
dependencies = [
 "graphus-core",
]

[[package]]
name = "graphus-bolt"
version = "0.0.0"
dependencies = [
 "graphus-core",
]

[[package]]
name = "graphus-bufpool"
version = "0.0.0"
dependencies = [
 "graphus-core",
]

[[package]]
name = "graphus-cli"
version = "0.0.0"
dependencies = [
 "graphus-core",
]

[[package]]
name = "graphus-core"
version = "0.0.0"

[[package]]
name = "graphus-cypher"
version = "0.0.0"
dependencies = [
 "graphus-core",
]

[[package]]
name = "graphus-dst"
version = "0.0.0"
dependencies = [
 "graphus-core",
]

[[package]]
name = "graphus-elle"
version = "0.0.0"
dependencies = [
 "graphus-core",
]

[[package]]
name = "graphus-index"
version = "0.0.0"
dependencies = [
 "graphus-core",
]

[[package]]
name = "graphus-io"
version = "0.0.0"
dependencies = [
 "graphus-core",
]

[[package]]
name = "graphus-rest"
version = "0.0.0"
dependencies = [
 "graphus-core",
]

[[package]]
name = "graphus-server"
version = "0.0.0"
dependencies = [
 "graphus-core",
]

[[package]]
name = "graphus-sim"
version = "0.0.0"
dependencies = [
 "graphus-core",
]

[[package]]
name = "graphus-storage"
version = "0.0.0"
dependencies = [
 "graphus-core",
]

[[package]]
name = "graphus-tck"
version = "0.0.0"
dependencies = [
 "graphus-core",
]

[[package]]
name = "graphus-txn"
version = "0.0.0"
dependencies = [
 "graphus-core",
]

[[package]]
name = "graphus-wal"
version = "0.0.0"
dependencies = [
 "graphus-core",
]
